github.com/dstgo/filebox v1.0.1 h1:5+1QQ8qAzSXGAYuly3wUZv9WcxCPmq286PYJbZGhG2w=
github.com/dstgo/filebox v1.0.1/go.mod h1:BNnabJSNn+IAVIX1xMUVCxJ3plSevR8M72rEl6zpj2Y=
github.com/pkg/errors v0.9.1 h1:FEBLx1zS214owpjy7qsBeixbURkuhQAwrK5UwLGTwt4=
github.com/pkg/errors v0.9.1/go.mod h1:bwawxfHBFNV+L2hUp1rHADufV3IMtnDRdf1r5NINEl0=
